{
  "version": 4,
  "terraform_version": "1.6.5",
  "serial": 2,
  "lineage": "14c2d8f5-7a4f-451e-a0df-6e8b24f4f34d",
  "outputs": {
    "admin_passwd": {
      "value": "KU@iwX%A0CHE",
      "type": "string"
    },
    "availability_zone": {
      "value": "",
      "type": "string"
    },
    "flavor_id": {
      "value": "",
      "type": "string"
    },
    "region": {
      "value": "",
      "type": "string"
    },
    "region_name": {
      "value": "",
      "type": "string"
    },
    "secgroup_name": {
      "value": "secgroup-default",
      "type": "string"
    },
    "subnet_name": {
      "value": "subnet-default",
      "type": "string"
    },
    "vpc_name": {
      "value": "vpc-default",
      "type": "string"
    }
  },
  "resources": [
    {
      "mode": "managed",
      "type": "random_password",
      "name": "password",
      "provider": "provider[\"registry.terraform.io/hashicorp/random\"]",
      "instances": [
        {
          "schema_version": 3,
          "attributes": {
            "bcrypt_hash": "$2a$10$iGWA9QZAk3.sCfbpiqdAyeCfRmeGJ0Ils..RWgqQjexA4rtQNPUMm",
            "id": "none",
            "keepers": null,
            "length": 12,
            "lower": true,
            "min_lower": 0,
            "min_numeric": 0,
            "min_special": 1,
            "min_upper": 0,
            "number": true,
            "numeric": true,
            "override_special": "#%@",
            "result": "KU@iwX%A0CHE",
            "special": true,
            "upper": true
          },
          "sensitive_attributes": []
        }
      ]
    }
  ],
  "check_results": null
}
